
Microsoft Visual Studio Solution File, Format Version 12.00
# Visual Studio 15
VisualStudioVersion = 15.0.27428.2043
MinimumVisualStudioVersion = 10.0.40219.1
Project("{FAE04EC0-301F-11D3-BF4B-00C04F79EFBC}") = "FinCurate", "FinCurate\FinCurate.csproj", "{4FD24B9A-6524-49BB-9647-869B5525820C}"
EndProject
Project("{9A19103F-16F7-4668-BE54-9A1E7A4F7556}") = "CommonLibrary", "CommonLibrary\CommonLibrary.csproj", "{05C42F7E-8DC3-49C6-A718-425394AA6252}"
EndProject
Project("{FAE04EC0-301F-11D3-BF4B-00C04F79EFBC}") = "DataAccess", "DataAccess\DataAccess.csproj", "{7A96A35D-6140-468A-8F85-7E720BD267C9}"
EndProject
Global
	GlobalSection(SolutionConfigurationPlatforms) = preSolution
		Debug|Any CPU = Debug|Any CPU
		Release|Any CPU = Release|Any CPU
	EndGlobalSection
	GlobalSection(ProjectConfigurationPlatforms) = postSolution
		{4FD24B9A-6524-49BB-9647-869B5525820C}.Debug|Any CPU.ActiveCfg = Debug|Any CPU
		{4FD24B9A-6524-49BB-9647-869B5525820C}.Debug|Any CPU.Build.0 = Debug|Any CPU
		{4FD24B9A-6524-49BB-9647-869B5525820C}.Release|Any CPU.ActiveCfg = Release|Any CPU
		{4FD24B9A-6524-49BB-9647-869B5525820C}.Release|Any CPU.Build.0 = Release|Any CPU
		{05C42F7E-8DC3-49C6-A718-425394AA6252}.Debug|Any CPU.ActiveCfg = Debug|Any CPU
		{05C42F7E-8DC3-49C6-A718-425394AA6252}.Debug|Any CPU.Build.0 = Debug|Any CPU
		{05C42F7E-8DC3-49C6-A718-425394AA6252}.Release|Any CPU.ActiveCfg = Release|Any CPU
		{05C42F7E-8DC3-49C6-A718-425394AA6252}.Release|Any CPU.Build.0 = Release|Any CPU
		{7A96A35D-6140-468A-8F85-7E720BD267C9}.Debug|Any CPU.ActiveCfg = Debug|Any CPU
		{7A96A35D-6140-468A-8F85-7E720BD267C9}.Debug|Any CPU.Build.0 = Debug|Any CPU
		{7A96A35D-6140-468A-8F85-7E720BD267C9}.Release|Any CPU.ActiveCfg = Release|Any CPU
		{7A96A35D-6140-468A-8F85-7E720BD267C9}.Release|Any CPU.Build.0 = Release|Any CPU
	EndGlobalSection
	GlobalSection(SolutionProperties) = preSolution
		HideSolutionNode = FALSE
	EndGlobalSection
	GlobalSection(ExtensibilityGlobals) = postSolution
		SolutionGuid = {A359FC88-989A-4234-B586-47A13F834885}
	EndGlobalSection
EndGlobal
